# This file is automatically @generated by Cargo.
# It is not intended for manual editing.
version = 3

[[package]]
name = "menu-v1"
version = "0.1.0"

[[package]]
name = "menu-v2"
version = "0.1.0"

[[package]]
name = "menu-v3"
version = "0.1.0"

[[package]]
name = "menu-v4"
version = "0.1.0"

[[package]]
name = "menu-v5"
version = "0.1.0"
