# This file is automatically @generated by Cargo.
# It is not intended for manual editing.
[[package]]
name = "client"
version = "0.1.0"
dependencies = [
 "md5",
 "nanorand",
]

[[package]]
name = "md5"
version = "0.7.0"
source = "registry+https://github.com/rust-lang/crates.io-index"
checksum = "490cc448043f947bae3cbee9c203358d62dbee0db12107a74be5c30ccfd09771"

[[package]]
name = "nanorand"
version = "0.5.1"
source = "registry+https://github.com/rust-lang/crates.io-index"
checksum = "3173d7bb904c5a3a2f9167eb936916a39e97124846b8316223323aed9a34d1e7"
